PODS:
  - GoogleMaps (4.0.0):
    - GoogleMaps/Maps (= 4.0.0)
  - GoogleMaps/Base (4.0.0)
  - GoogleMaps/Maps (4.0.0):
    - GoogleMaps/Base
  - GooglePlaces (4.0.0):
    - GoogleMaps/Base (= 4.0.0)
  - SwiftyJSON (5.0.0)

DEPENDENCIES:
  - GoogleMaps
  - GooglePlaces
  - SwiftyJSON

SPEC REPOS:
  trunk:
    - GoogleMaps
    - GooglePlaces
    - SwiftyJSON

SPEC CHECKSUMS:
  GoogleMaps: b7f7fc569a9b354a3af0d9729dbec40957b7d41e
  GooglePlaces: ca8d4aba09ba79e0a829cf1dca03a41de6a09016
  SwiftyJSON: 36413e04c44ee145039d332b4f4e2d3e8d6c4db7

PODFILE CHECKSUM: 345e96a056a9cbb88358b01d88ff352e8d90026b

COCOAPODS: 1.10.0
